
Microsoft Visual Studio Solution File, Format Version 12.00
# Visual Studio Version 17
VisualStudioVersion = 17.4.33205.214
MinimumVisualStudioVersion = 10.0.40219.1
Project("{FAE04EC0-301F-11D3-BF4B-00C04F79EFBC}") = "PrevozniSredstva", "PrevozniSredstva\PrevozniSredstva.csproj", "{7EF48AB1-5715-40F6-B947-C1E169F5D6ED}"
EndProject
Global
	GlobalSection(SolutionConfigurationPlatforms) = preSolution
		Debug|Any CPU = Debug|Any CPU
		Release|Any CPU = Release|Any CPU
	EndGlobalSection
	GlobalSection(ProjectConfigurationPlatforms) = postSolution
		{7EF48AB1-5715-40F6-B947-C1E169F5D6ED}.Debug|Any CPU.ActiveCfg = Debug|Any CPU
		{7EF48AB1-5715-40F6-B947-C1E169F5D6ED}.Debug|Any CPU.Build.0 = Debug|Any CPU
		{7EF48AB1-5715-40F6-B947-C1E169F5D6ED}.Release|Any CPU.ActiveCfg = Release|Any CPU
		{7EF48AB1-5715-40F6-B947-C1E169F5D6ED}.Release|Any CPU.Build.0 = Release|Any CPU
	EndGlobalSection
	GlobalSection(SolutionProperties) = preSolution
		HideSolutionNode = FALSE
	EndGlobalSection
	GlobalSection(ExtensibilityGlobals) = postSolution
		SolutionGuid = {BBAF36C9-522B-42F9-9FA2-96F6606C1651}
	EndGlobalSection
EndGlobal
